
Microsoft Visual Studio Solution File, Format Version 12.00
# Visual Studio 15
VisualStudioVersion = 15.0.28307.539
MinimumVisualStudioVersion = 10.0.40219.1
Project("{A07B5EB6-E848-4116-A8D0-A826331D98C6}") = "Ofn.ServiceFabric.Cache.Hosting", "Ofn.ServiceFabric.Cache.Hosting\Ofn.ServiceFabric.Cache.Hosting.sfproj", "{90382225-97FF-42C4-BB68-AD2A3F4E8544}"
EndProject
Project("{9A19103F-16F7-4668-BE54-9A1E7A4F7556}") = "CachingService", "CachingService\CachingService.csproj", "{A3C59390-F29D-4D0D-91EC-2C6C86C3CA23}"
EndProject
Project("{2150E333-8FDC-42A3-9474-1A3956D46DE8}") = "Hosting", "Hosting", "{609B9EAC-19BB-450B-8CF2-09CC77596CFE}"
EndProject
Project("{2150E333-8FDC-42A3-9474-1A3956D46DE8}") = "Tests", "Tests", "{761B2C7D-F6BF-4D6B-989F-66FFAE771B77}"
EndProject
Project("{9A19103F-16F7-4668-BE54-9A1E7A4F7556}") = "Ofn.ServiceFabric.Cache", "Ofn.ServiceFabric.Cache\Ofn.ServiceFabric.Cache.csproj", "{24B4B0B4-F7E9-4F66-9E37-7CB258D2E731}"
EndProject
Project("{9A19103F-16F7-4668-BE54-9A1E7A4F7556}") = "Ofn.ServiceFabric.Cache.Abstractions", "Ofn.ServiceFabric.Cache.Abstractions\Ofn.ServiceFabric.Cache.Abstractions.csproj", "{C8E5338C-A957-4CED-830E-ECA77E1C7196}"
EndProject
Project("{9A19103F-16F7-4668-BE54-9A1E7A4F7556}") = "Ofn.ServiceFabric.Cache.Client", "Ofn.ServiceFabric.Cache.Client\Ofn.ServiceFabric.Cache.Client.csproj", "{20FB3F05-E24A-459A-B4CA-31AC7F17842E}"
EndProject
Project("{FAE04EC0-301F-11D3-BF4B-00C04F79EFBC}") = "CacheConsumer", "CacheConsumer\CacheConsumer.csproj", "{0AC3C0B8-1958-4C68-AE0A-50BFC82E0B64}"
EndProject
Project("{FAE04EC0-301F-11D3-BF4B-00C04F79EFBC}") = "Benchmark", "Benchmark\Benchmark.csproj", "{A0C94E7F-4299-4D93-AC88-BF9FCFEC8460}"
EndProject
Global
	GlobalSection(SolutionConfigurationPlatforms) = preSolution
		Debug|Any CPU = Debug|Any CPU
		Debug|x64 = Debug|x64
		Release|Any CPU = Release|Any CPU
		Release|x64 = Release|x64
	EndGlobalSection
	GlobalSection(ProjectConfigurationPlatforms) = postSolution
		{90382225-97FF-42C4-BB68-AD2A3F4E8544}.Debug|Any CPU.ActiveCfg = Debug|x64
		{90382225-97FF-42C4-BB68-AD2A3F4E8544}.Debug|x64.ActiveCfg = Debug|x64
		{90382225-97FF-42C4-BB68-AD2A3F4E8544}.Debug|x64.Build.0 = Debug|x64
		{90382225-97FF-42C4-BB68-AD2A3F4E8544}.Debug|x64.Deploy.0 = Debug|x64
		{90382225-97FF-42C4-BB68-AD2A3F4E8544}.Release|Any CPU.ActiveCfg = Release|x64
		{90382225-97FF-42C4-BB68-AD2A3F4E8544}.Release|x64.ActiveCfg = Release|x64
		{90382225-97FF-42C4-BB68-AD2A3F4E8544}.Release|x64.Build.0 = Release|x64
		{90382225-97FF-42C4-BB68-AD2A3F4E8544}.Release|x64.Deploy.0 = Release|x64
		{A3C59390-F29D-4D0D-91EC-2C6C86C3CA23}.Debug|Any CPU.ActiveCfg = Debug|Any CPU
		{A3C59390-F29D-4D0D-91EC-2C6C86C3CA23}.Debug|Any CPU.Build.0 = Debug|Any CPU
		{A3C59390-F29D-4D0D-91EC-2C6C86C3CA23}.Debug|x64.ActiveCfg = Debug|Any CPU
		{A3C59390-F29D-4D0D-91EC-2C6C86C3CA23}.Debug|x64.Build.0 = Debug|Any CPU
		{A3C59390-F29D-4D0D-91EC-2C6C86C3CA23}.Release|Any CPU.ActiveCfg = Release|Any CPU
		{A3C59390-F29D-4D0D-91EC-2C6C86C3CA23}.Release|Any CPU.Build.0 = Release|Any CPU
		{A3C59390-F29D-4D0D-91EC-2C6C86C3CA23}.Release|x64.ActiveCfg = Release|Any CPU
		{A3C59390-F29D-4D0D-91EC-2C6C86C3CA23}.Release|x64.Build.0 = Release|Any CPU
		{24B4B0B4-F7E9-4F66-9E37-7CB258D2E731}.Debug|Any CPU.ActiveCfg = Debug|Any CPU
		{24B4B0B4-F7E9-4F66-9E37-7CB258D2E731}.Debug|Any CPU.Build.0 = Debug|Any CPU
		{24B4B0B4-F7E9-4F66-9E37-7CB258D2E731}.Debug|x64.ActiveCfg = Debug|Any CPU
		{24B4B0B4-F7E9-4F66-9E37-7CB258D2E731}.Debug|x64.Build.0 = Debug|Any CPU
		{24B4B0B4-F7E9-4F66-9E37-7CB258D2E731}.Release|Any CPU.ActiveCfg = Release|Any CPU
		{24B4B0B4-F7E9-4F66-9E37-7CB258D2E731}.Release|Any CPU.Build.0 = Release|Any CPU
		{24B4B0B4-F7E9-4F66-9E37-7CB258D2E731}.Release|x64.ActiveCfg = Release|Any CPU
		{24B4B0B4-F7E9-4F66-9E37-7CB258D2E731}.Release|x64.Build.0 = Release|Any CPU
		{C8E5338C-A957-4CED-830E-ECA77E1C7196}.Debug|Any CPU.ActiveCfg = Debug|Any CPU
		{C8E5338C-A957-4CED-830E-ECA77E1C7196}.Debug|Any CPU.Build.0 = Debug|Any CPU
		{C8E5338C-A957-4CED-830E-ECA77E1C7196}.Debug|x64.ActiveCfg = Debug|Any CPU
		{C8E5338C-A957-4CED-830E-ECA77E1C7196}.Debug|x64.Build.0 = Debug|Any CPU
		{C8E5338C-A957-4CED-830E-ECA77E1C7196}.Release|Any CPU.ActiveCfg = Release|Any CPU
		{C8E5338C-A957-4CED-830E-ECA77E1C7196}.Release|Any CPU.Build.0 = Release|Any CPU
		{C8E5338C-A957-4CED-830E-ECA77E1C7196}.Release|x64.ActiveCfg = Release|Any CPU
		{C8E5338C-A957-4CED-830E-ECA77E1C7196}.Release|x64.Build.0 = Release|Any CPU
		{20FB3F05-E24A-459A-B4CA-31AC7F17842E}.Debug|Any CPU.ActiveCfg = Debug|Any CPU
		{20FB3F05-E24A-459A-B4CA-31AC7F17842E}.Debug|Any CPU.Build.0 = Debug|Any CPU
		{20FB3F05-E24A-459A-B4CA-31AC7F17842E}.Debug|x64.ActiveCfg = Debug|Any CPU
		{20FB3F05-E24A-459A-B4CA-31AC7F17842E}.Debug|x64.Build.0 = Debug|Any CPU
		{20FB3F05-E24A-459A-B4CA-31AC7F17842E}.Release|Any CPU.ActiveCfg = Release|Any CPU
		{20FB3F05-E24A-459A-B4CA-31AC7F17842E}.Release|Any CPU.Build.0 = Release|Any CPU
		{20FB3F05-E24A-459A-B4CA-31AC7F17842E}.Release|x64.ActiveCfg = Release|Any CPU
		{20FB3F05-E24A-459A-B4CA-31AC7F17842E}.Release|x64.Build.0 = Release|Any CPU
		{0AC3C0B8-1958-4C68-AE0A-50BFC82E0B64}.Debug|Any CPU.ActiveCfg = Debug|Any CPU
		{0AC3C0B8-1958-4C68-AE0A-50BFC82E0B64}.Debug|Any CPU.Build.0 = Debug|Any CPU
		{0AC3C0B8-1958-4C68-AE0A-50BFC82E0B64}.Debug|x64.ActiveCfg = Debug|Any CPU
		{0AC3C0B8-1958-4C68-AE0A-50BFC82E0B64}.Debug|x64.Build.0 = Debug|Any CPU
		{0AC3C0B8-1958-4C68-AE0A-50BFC82E0B64}.Release|Any CPU.ActiveCfg = Release|Any CPU
		{0AC3C0B8-1958-4C68-AE0A-50BFC82E0B64}.Release|Any CPU.Build.0 = Release|Any CPU
		{0AC3C0B8-1958-4C68-AE0A-50BFC82E0B64}.Release|x64.ActiveCfg = Release|Any CPU
		{0AC3C0B8-1958-4C68-AE0A-50BFC82E0B64}.Release|x64.Build.0 = Release|Any CPU
		{A0C94E7F-4299-4D93-AC88-BF9FCFEC8460}.Debug|Any CPU.ActiveCfg = Debug|Any CPU
		{A0C94E7F-4299-4D93-AC88-BF9FCFEC8460}.Debug|Any CPU.Build.0 = Debug|Any CPU
		{A0C94E7F-4299-4D93-AC88-BF9FCFEC8460}.Debug|x64.ActiveCfg = Debug|Any CPU
		{A0C94E7F-4299-4D93-AC88-BF9FCFEC8460}.Debug|x64.Build.0 = Debug|Any CPU
		{A0C94E7F-4299-4D93-AC88-BF9FCFEC8460}.Release|Any CPU.ActiveCfg = Release|Any CPU
		{A0C94E7F-4299-4D93-AC88-BF9FCFEC8460}.Release|Any CPU.Build.0 = Release|Any CPU
		{A0C94E7F-4299-4D93-AC88-BF9FCFEC8460}.Release|x64.ActiveCfg = Release|Any CPU
		{A0C94E7F-4299-4D93-AC88-BF9FCFEC8460}.Release|x64.Build.0 = Release|Any CPU
	EndGlobalSection
	GlobalSection(SolutionProperties) = preSolution
		HideSolutionNode = FALSE
	EndGlobalSection
	GlobalSection(NestedProjects) = preSolution
		{90382225-97FF-42C4-BB68-AD2A3F4E8544} = {609B9EAC-19BB-450B-8CF2-09CC77596CFE}
		{A3C59390-F29D-4D0D-91EC-2C6C86C3CA23} = {609B9EAC-19BB-450B-8CF2-09CC77596CFE}
		{0AC3C0B8-1958-4C68-AE0A-50BFC82E0B64} = {609B9EAC-19BB-450B-8CF2-09CC77596CFE}
		{A0C94E7F-4299-4D93-AC88-BF9FCFEC8460} = {761B2C7D-F6BF-4D6B-989F-66FFAE771B77}
	EndGlobalSection
	GlobalSection(ExtensibilityGlobals) = postSolution
		SolutionGuid = {D980A2CE-51FE-4FE8-91B3-088F9DAFE5CB}
	EndGlobalSection
EndGlobal
